// !$*UTF8*$!
{
	archiveVersion = 1;
	classes = {
	};
	objectVersion = 46;
	objects = {

/* Begin PBXBuildFile section */
		BF3696501CD611C800C21544 /* OpenGL.framework in Frameworks */ = {isa = PBXBuildFile; fileRef = BF36964F1CD611C800C21544 /* OpenGL.framework */; };
		BF3696521CD611CF00C21544 /* Cocoa.framework in Frameworks */ = {isa = PBXBuildFile; fileRef = BF3696511CD611CF00C21544 /* Cocoa.framework */; };
		BF3696541CD611D800C21544 /* IOKit.framework in Frameworks */ = {isa = PBXBuildFile; fileRef = BF3696531CD611D800C21544 /* IOKit.framework */; };
		BF3696561CD611E300C21544 /* CoreVideo.framework in Frameworks */ = {isa = PBXBuildFile; fileRef = BF3696551CD611E300C21544 /* CoreVideo.framework */; };
		BFF1BC511CD745B4009BBF1F /* libglfw3.3.1.dylib in Frameworks */ = {isa = PBXBuildFile; fileRef = BFF1BC501CD745B4009BBF1F /* libglfw3.3.1.dylib */; };
		BFF1BC671CD7AAA0009BBF1F /* Bitmap.cpp in Sources */ = {isa = PBXBuildFile; fileRef = BFF1BC601CD7AAA0009BBF1F /* Bitmap.cpp */; };
		BFF1BC681CD7AAA0009BBF1F /* RFFont.cpp in Sources */ = {isa = PBXBuildFile; fileRef = BFF1BC621CD7AAA0009BBF1F /* RFFont.cpp */; };
		BFF1BC691CD7AAA0009BBF1F /* RFGUI.cpp in Sources */ = {isa = PBXBuildFile; fileRef = BFF1BC641CD7AAA0009BBF1F /* RFGUI.cpp */; };
		BFF1BC6A1CD7AAA0009BBF1F /* test.cpp in Sources */ = {isa = PBXBuildFile; fileRef = BFF1BC661CD7AAA0009BBF1F /* test.cpp */; };
/* End PBXBuildFile section */

/* Begin PBXCopyFilesBuildPhase section */
		BF3695E01CD60DCB00C21544 /* CopyFiles */ = {
			isa = PBXCopyFilesBuildPhase;
			buildActionMask = 2147483647;
			dstPath = /usr/share/man/man1/;
			dstSubfolderSpec = 0;
			files = (
			);
			runOnlyForDeploymentPostprocessing = 1;
		};
/* End PBXCopyFilesBuildPhase section */

/* Begin PBXFileReference section */
		BF3695E21CD60DCB00C21544 /* RFGUI */ = {isa = PBXFileReference; explicitFileType = "compiled.mach-o.executable"; includeInIndex = 0; path = RFGUI; sourceTree = BUILT_PRODUCTS_DIR; };
		BF36964F1CD611C800C21544 /* OpenGL.framework */ = {isa = PBXFileReference; lastKnownFileType = wrapper.framework; name = OpenGL.framework; path = System/Library/Frameworks/OpenGL.framework; sourceTree = SDKROOT; };
		BF3696511CD611CF00C21544 /* Cocoa.framework */ = {isa = PBXFileReference; lastKnownFileType = wrapper.framework; name = Cocoa.framework; path = System/Library/Frameworks/Cocoa.framework; sourceTree = SDKROOT; };
		BF3696531CD611D800C21544 /* IOKit.framework */ = {isa = PBXFileReference; lastKnownFileType = wrapper.framework; name = IOKit.framework; path = System/Library/Frameworks/IOKit.framework; sourceTree = SDKROOT; };
		BF3696551CD611E300C21544 /* CoreVideo.framework */ = {isa = PBXFileReference; lastKnownFileType = wrapper.framework; name = CoreVideo.framework; path = System/Library/Frameworks/CoreVideo.framework; sourceTree = SDKROOT; };
		BFB5EBC91CD8650E005954F3 /* stb_truetype.h */ = {isa = PBXFileReference; lastKnownFileType = sourcecode.c.h; name = stb_truetype.h; path = src/stb_truetype.h; sourceTree = SOURCE_ROOT; };
		BFD20B021CDC5E11005638AA /* stb_image_write.h */ = {isa = PBXFileReference; lastKnownFileType = sourcecode.c.h; name = stb_image_write.h; path = src/stb_image_write.h; sourceTree = SOURCE_ROOT; };
		BFF1BC501CD745B4009BBF1F /* libglfw3.3.1.dylib */ = {isa = PBXFileReference; lastKnownFileType = "compiled.mach-o.dylib"; name = libglfw3.3.1.dylib; path = /usr/local/Cellar/glfw3/3.1.2/lib/libglfw3.3.1.dylib; sourceTree = "<absolute>"; };
		BFF1BC601CD7AAA0009BBF1F /* Bitmap.cpp */ = {isa = PBXFileReference; fileEncoding = 4; lastKnownFileType = sourcecode.cpp.cpp; name = Bitmap.cpp; path = src/Bitmap.cpp; sourceTree = SOURCE_ROOT; };
		BFF1BC611CD7AAA0009BBF1F /* Bitmap.hpp */ = {isa = PBXFileReference; fileEncoding = 4; lastKnownFileType = sourcecode.cpp.h; name = Bitmap.hpp; path = src/Bitmap.hpp; sourceTree = SOURCE_ROOT; };
		BFF1BC621CD7AAA0009BBF1F /* RFFont.cpp */ = {isa = PBXFileReference; fileEncoding = 4; lastKnownFileType = sourcecode.cpp.cpp; name = RFFont.cpp; path = src/RFFont.cpp; sourceTree = SOURCE_ROOT; };
		BFF1BC631CD7AAA0009BBF1F /* RFFont.hpp */ = {isa = PBXFileReference; fileEncoding = 4; lastKnownFileType = sourcecode.cpp.h; name = RFFont.hpp; path = src/RFFont.hpp; sourceTree = SOURCE_ROOT; };
		BFF1BC641CD7AAA0009BBF1F /* RFGUI.cpp */ = {isa = PBXFileReference; fileEncoding = 4; lastKnownFileType = sourcecode.cpp.cpp; name = RFGUI.cpp; path = src/RFGUI.cpp; sourceTree = SOURCE_ROOT; };
		BFF1BC651CD7AAA0009BBF1F /* RFGUI.hpp */ = {isa = PBXFileReference; fileEncoding = 4; lastKnownFileType = sourcecode.cpp.h; name = RFGUI.hpp; path = src/RFGUI.hpp; sourceTree = SOURCE_ROOT; };
		BFF1BC661CD7AAA0009BBF1F /* test.cpp */ = {isa = PBXFileReference; fileEncoding = 4; lastKnownFileType = sourcecode.cpp.cpp; name = test.cpp; path = src/test.cpp; sourceTree = SOURCE_ROOT; };
/* End PBXFileReference section */

/* Begin PBXFrameworksBuildPhase section */
		BF3695DF1CD60DCB00C21544 /* Frameworks */ = {
			isa = PBXFrameworksBuildPhase;
			buildActionMask = 2147483647;
			files = (
				BFF1BC511CD745B4009BBF1F /* libglfw3.3.1.dylib in Frameworks */,
				BF3696561CD611E300C21544 /* CoreVideo.framework in Frameworks */,
				BF3696541CD611D800C21544 /* IOKit.framework in Frameworks */,
				BF3696521CD611CF00C21544 /* Cocoa.framework in Frameworks */,
				BF3696501CD611C800C21544 /* OpenGL.framework in Frameworks */,
			);
			runOnlyForDeploymentPostprocessing = 0;
		};
/* End PBXFrameworksBuildPhase section */

/* Begin PBXGroup section */
		BF3695D91CD60DCB00C21544 = {
			isa = PBXGroup;
			children = (
				BF3695E41CD60DCB00C21544 /* RFGUI */,
				BF3696571CD611F700C21544 /* framework */,
				BF3695E31CD60DCB00C21544 /* Products */,
			);
			sourceTree = "<group>";
		};
		BF3695E31CD60DCB00C21544 /* Products */ = {
			isa = PBXGroup;
			children = (
				BF3695E21CD60DCB00C21544 /* RFGUI */,
			);
			name = Products;
			sourceTree = "<group>";
		};
		BF3695E41CD60DCB00C21544 /* RFGUI */ = {
			isa = PBXGroup;
			children = (
				BFD20B021CDC5E11005638AA /* stb_image_write.h */,
				BFB5EBC91CD8650E005954F3 /* stb_truetype.h */,
				BFF1BC601CD7AAA0009BBF1F /* Bitmap.cpp */,
				BFF1BC611CD7AAA0009BBF1F /* Bitmap.hpp */,
				BFF1BC621CD7AAA0009BBF1F /* RFFont.cpp */,
				BFF1BC631CD7AAA0009BBF1F /* RFFont.hpp */,
				BFF1BC641CD7AAA0009BBF1F /* RFGUI.cpp */,
				BFF1BC651CD7AAA0009BBF1F /* RFGUI.hpp */,
				BFF1BC661CD7AAA0009BBF1F /* test.cpp */,
			);
			path = RFGUI;
			sourceTree = "<group>";
		};
		BF3696571CD611F700C21544 /* framework */ = {
			isa = PBXGroup;
			children = (
				BFF1BC501CD745B4009BBF1F /* libglfw3.3.1.dylib */,
				BF3696551CD611E300C21544 /* CoreVideo.framework */,
				BF3696531CD611D800C21544 /* IOKit.framework */,
				BF3696511CD611CF00C21544 /* Cocoa.framework */,
				BF36964F1CD611C800C21544 /* OpenGL.framework */,
			);
			name = framework;
			sourceTree = "<group>";
		};
/* End PBXGroup section */

/* Begin PBXNativeTarget section */
		BF3695E11CD60DCB00C21544 /* RFGUI */ = {
			isa = PBXNativeTarget;
			buildConfigurationList = BF3695E91CD60DCB00C21544 /* Build configuration list for PBXNativeTarget "RFGUI" */;
			buildPhases = (
				BF3695DE1CD60DCB00C21544 /* Sources */,
				BF3695DF1CD60DCB00C21544 /* Frameworks */,
				BF3695E01CD60DCB00C21544 /* CopyFiles */,
			);
			buildRules = (
			);
			dependencies = (
			);
			name = RFGUI;
			productName = RFGUI;
			productReference = BF3695E21CD60DCB00C21544 /* RFGUI */;
			productType = "com.apple.product-type.tool";
		};
/* End PBXNativeTarget section */

/* Begin PBXProject section */
		BF3695DA1CD60DCB00C21544 /* Project object */ = {
			isa = PBXProject;
			attributes = {
				LastUpgradeCheck = 0730;
				ORGANIZATIONNAME = yushroom;
				TargetAttributes = {
					BF3695E11CD60DCB00C21544 = {
						CreatedOnToolsVersion = 7.3;
					};
				};
			};
			buildConfigurationList = BF3695DD1CD60DCB00C21544 /* Build configuration list for PBXProject "RFGUI" */;
			compatibilityVersion = "Xcode 3.2";
			developmentRegion = English;
			hasScannedForEncodings = 0;
			knownRegions = (
				en,
			);
			mainGroup = BF3695D91CD60DCB00C21544;
			productRefGroup = BF3695E31CD60DCB00C21544 /* Products */;
			projectDirPath = "";
			projectRoot = "";
			targets = (
				BF3695E11CD60DCB00C21544 /* RFGUI */,
			);
		};
/* End PBXProject section */

/* Begin PBXSourcesBuildPhase section */
		BF3695DE1CD60DCB00C21544 /* Sources */ = {
			isa = PBXSourcesBuildPhase;
			buildActionMask = 2147483647;
			files = (
				BFF1BC681CD7AAA0009BBF1F /* RFFont.cpp in Sources */,
				BFF1BC691CD7AAA0009BBF1F /* RFGUI.cpp in Sources */,
				BFF1BC671CD7AAA0009BBF1F /* Bitmap.cpp in Sources */,
				BFF1BC6A1CD7AAA0009BBF1F /* test.cpp in Sources */,
			);
			runOnlyForDeploymentPostprocessing = 0;
		};
/* End PBXSourcesBuildPhase section */

/* Begin XCBuildConfiguration section */
		BF3695E71CD60DCB00C21544 /* Debug */ = {
			isa = XCBuildConfiguration;
			buildSettings = {
				ALWAYS_SEARCH_USER_PATHS = NO;
				CLANG_ANALYZER_NONNULL = YES;
				CLANG_CXX_LANGUAGE_STANDARD = "gnu++0x";
				CLANG_CXX_LIBRARY = "libc++";
				CLANG_ENABLE_MODULES = YES;
				CLANG_ENABLE_OBJC_ARC = YES;
				CLANG_WARN_BOOL_CONVERSION = YES;
				CLANG_WARN_CONSTANT_CONVERSION = YES;
				CLANG_WARN_DIRECT_OBJC_ISA_USAGE = YES_ERROR;
				CLANG_WARN_EMPTY_BODY = YES;
				CLANG_WARN_ENUM_CONVERSION = YES;
				CLANG_WARN_INT_CONVERSION = YES;
				CLANG_WARN_OBJC_ROOT_CLASS = YES_ERROR;
				CLANG_WARN_UNREACHABLE_CODE = YES;
				CLANG_WARN__DUPLICATE_METHOD_MATCH = YES;
				CODE_SIGN_IDENTITY = "-";
				COPY_PHASE_STRIP = NO;
				DEBUG_INFORMATION_FORMAT = dwarf;
				ENABLE_STRICT_OBJC_MSGSEND = YES;
				ENABLE_TESTABILITY = YES;
				GCC_C_LANGUAGE_STANDARD = gnu99;
				GCC_DYNAMIC_NO_PIC = NO;
				GCC_NO_COMMON_BLOCKS = YES;
				GCC_OPTIMIZATION_LEVEL = 0;
				GCC_PREPROCESSOR_DEFINITIONS = (
					"DEBUG=1",
					"$(inherited)",
				);
				GCC_WARN_64_TO_32_BIT_CONVERSION = YES;
				GCC_WARN_ABOUT_RETURN_TYPE = YES_ERROR;
				GCC_WARN_UNDECLARED_SELECTOR = YES;
				GCC_WARN_UNINITIALIZED_AUTOS = YES_AGGRESSIVE;
				GCC_WARN_UNUSED_FUNCTION = YES;
				GCC_WARN_UNUSED_VARIABLE = YES;
				MACOSX_DEPLOYMENT_TARGET = 10.11;
				MTL_ENABLE_DEBUG_INFO = YES;
				ONLY_ACTIVE_ARCH = YES;
				SDKROOT = macosx;
			};
			name = Debug;
		};
		BF3695E81CD60DCB00C21544 /* Release */ = {
			isa = XCBuildConfiguration;
			buildSettings = {
				ALWAYS_SEARCH_USER_PATHS = NO;
				CLANG_ANALYZER_NONNULL = YES;
				CLANG_CXX_LANGUAGE_STANDARD = "gnu++0x";
				CLANG_CXX_LIBRARY = "libc++";
				CLANG_ENABLE_MODULES = YES;
				CLANG_ENABLE_OBJC_ARC = YES;
				CLANG_WARN_BOOL_CONVERSION = YES;
				CLANG_WARN_CONSTANT_CONVERSION = YES;
				CLANG_WARN_DIRECT_OBJC_ISA_USAGE = YES_ERROR;
				CLANG_WARN_EMPTY_BODY = YES;
				CLANG_WARN_ENUM_CONVERSION = YES;
				CLANG_WARN_INT_CONVERSION = YES;
				CLANG_WARN_OBJC_ROOT_CLASS = YES_ERROR;
				CLANG_WARN_UNREACHABLE_CODE = YES;
				CLANG_WARN__DUPLICATE_METHOD_MATCH = YES;
				CODE_SIGN_IDENTITY = "-";
				COPY_PHASE_STRIP = NO;
				DEBUG_INFORMATION_FORMAT = "dwarf-with-dsym";
				ENABLE_NS_ASSERTIONS = NO;
				ENABLE_STRICT_OBJC_MSGSEND = YES;
				GCC_C_LANGUAGE_STANDARD = gnu99;
				GCC_NO_COMMON_BLOCKS = YES;
				GCC_WARN_64_TO_32_BIT_CONVERSION = YES;
				GCC_WARN_ABOUT_RETURN_TYPE = YES_ERROR;
				GCC_WARN_UNDECLARED_SELECTOR = YES;
				GCC_WARN_UNINITIALIZED_AUTOS = YES_AGGRESSIVE;
				GCC_WARN_UNUSED_FUNCTION = YES;
				GCC_WARN_UNUSED_VARIABLE = YES;
				MACOSX_DEPLOYMENT_TARGET = 10.11;
				MTL_ENABLE_DEBUG_INFO = NO;
				SDKROOT = macosx;
			};
			name = Release;
		};
		BF3695EA1CD60DCB00C21544 /* Debug */ = {
			isa = XCBuildConfiguration;
			buildSettings = {
				"HEADER_SEARCH_PATHS[arch=*]" = (
					/usr/local/include/freetype2/,
					/usr/local/include/GLFW/,
				);
				LIBRARY_SEARCH_PATHS = (
					"$(inherited)",
					/usr/local/lib,
					/usr/local/Cellar/glfw3/3.1.2/lib,
				);
				PRODUCT_NAME = "$(TARGET_NAME)";
			};
			name = Debug;
		};
		BF3695EB1CD60DCB00C21544 /* Release */ = {
			isa = XCBuildConfiguration;
			buildSettings = {
				"HEADER_SEARCH_PATHS[arch=*]" = (
					/usr/local/include/freetype2/,
					/usr/local/include/GLFW/,
				);
				LIBRARY_SEARCH_PATHS = (
					"$(inherited)",
					/usr/local/lib,
					/usr/local/Cellar/glfw3/3.1.2/lib,
				);
				PRODUCT_NAME = "$(TARGET_NAME)";
			};
			name = Release;
		};
/* End XCBuildConfiguration section */

/* Begin XCConfigurationList section */
		BF3695DD1CD60DCB00C21544 /* Build configuration list for PBXProject "RFGUI" */ = {
			isa = XCConfigurationList;
			buildConfigurations = (
				BF3695E71CD60DCB00C21544 /* Debug */,
				BF3695E81CD60DCB00C21544 /* Release */,
			);
			defaultConfigurationIsVisible = 0;
			defaultConfigurationName = Release;
		};
		BF3695E91CD60DCB00C21544 /* Build configuration list for PBXNativeTarget "RFGUI" */ = {
			isa = XCConfigurationList;
			buildConfigurations = (
				BF3695EA1CD60DCB00C21544 /* Debug */,
				BF3695EB1CD60DCB00C21544 /* Release */,
			);
			defaultConfigurationIsVisible = 0;
			defaultConfigurationName = Release;
		};
/* End XCConfigurationList section */
	};
	rootObject = BF3695DA1CD60DCB00C21544 /* Project object */;
}
